
Microsoft Visual Studio Solution File, Format Version 12.00
# Visual Studio Version 17
VisualStudioVersion = 17.6.33829.357
MinimumVisualStudioVersion = 10.0.40219.1
Project("{FAE04EC0-301F-11D3-BF4B-00C04F79EFBC}") = "NessOrtClients", "NessOrtClients\NessOrtClients.csproj", "{369F5977-CD61-4DE4-B5EF-3CF891829E4D}"
EndProject
Global
	GlobalSection(SolutionConfigurationPlatforms) = preSolution
		Debug|Any CPU = Debug|Any CPU
		Release|Any CPU = Release|Any CPU
	EndGlobalSection
	GlobalSection(ProjectConfigurationPlatforms) = postSolution
		{369F5977-CD61-4DE4-B5EF-3CF891829E4D}.Debug|Any CPU.ActiveCfg = Debug|Any CPU
		{369F5977-CD61-4DE4-B5EF-3CF891829E4D}.Debug|Any CPU.Build.0 = Debug|Any CPU
		{369F5977-CD61-4DE4-B5EF-3CF891829E4D}.Release|Any CPU.ActiveCfg = Release|Any CPU
		{369F5977-CD61-4DE4-B5EF-3CF891829E4D}.Release|Any CPU.Build.0 = Release|Any CPU
	EndGlobalSection
	GlobalSection(SolutionProperties) = preSolution
		HideSolutionNode = FALSE
	EndGlobalSection
	GlobalSection(ExtensibilityGlobals) = postSolution
		SolutionGuid = {D746DFC1-5CC0-4E27-AB3F-567D469300AC}
	EndGlobalSection
EndGlobal
